
Microsoft Visual Studio Solution File, Format Version 12.00
# Visual Studio Version 16
VisualStudioVersion = 16.0.32126.315
MinimumVisualStudioVersion = 10.0.40219.1
Project("{FAE04EC0-301F-11D3-BF4B-00C04F79EFBC}") = "HGS", "HGS\HGS.csproj", "{82624C95-5456-43E7-BE30-7C8436F18D08}"
EndProject
Project("{FAE04EC0-301F-11D3-BF4B-00C04F79EFBC}") = "hgs_srv", "hgs_srv\hgs_srv.csproj", "{1E7FA0D9-0E61-4126-B45D-C9CABFD92CD4}"
EndProject
Project("{FAE04EC0-301F-11D3-BF4B-00C04F79EFBC}") = "Login_test", "Login_test\Login_test.csproj", "{F55A899F-7C03-49BC-8950-8DC89F5732E6}"
EndProject
Project("{FAE04EC0-301F-11D3-BF4B-00C04F79EFBC}") = "ImportFromSisStat", "ImportFromSisStat\ImportFromSisStat.csproj", "{8CF524C5-EEB8-443A-B1A8-F40A13E4C05A}"
EndProject
Global
	GlobalSection(SolutionConfigurationPlatforms) = preSolution
		Debug|Any CPU = Debug|Any CPU
		Release|Any CPU = Release|Any CPU
		Server|Any CPU = Server|Any CPU
	EndGlobalSection
	GlobalSection(ProjectConfigurationPlatforms) = postSolution
		{82624C95-5456-43E7-BE30-7C8436F18D08}.Debug|Any CPU.ActiveCfg = Debug|Any CPU
		{82624C95-5456-43E7-BE30-7C8436F18D08}.Debug|Any CPU.Build.0 = Debug|Any CPU
		{82624C95-5456-43E7-BE30-7C8436F18D08}.Release|Any CPU.ActiveCfg = Release|Any CPU
		{82624C95-5456-43E7-BE30-7C8436F18D08}.Release|Any CPU.Build.0 = Release|Any CPU
		{82624C95-5456-43E7-BE30-7C8436F18D08}.Server|Any CPU.ActiveCfg = Server|Any CPU
		{82624C95-5456-43E7-BE30-7C8436F18D08}.Server|Any CPU.Build.0 = Server|Any CPU
		{1E7FA0D9-0E61-4126-B45D-C9CABFD92CD4}.Debug|Any CPU.ActiveCfg = Debug|Any CPU
		{1E7FA0D9-0E61-4126-B45D-C9CABFD92CD4}.Debug|Any CPU.Build.0 = Debug|Any CPU
		{1E7FA0D9-0E61-4126-B45D-C9CABFD92CD4}.Release|Any CPU.ActiveCfg = Release|Any CPU
		{1E7FA0D9-0E61-4126-B45D-C9CABFD92CD4}.Release|Any CPU.Build.0 = Release|Any CPU
		{1E7FA0D9-0E61-4126-B45D-C9CABFD92CD4}.Server|Any CPU.ActiveCfg = Server|Any CPU
		{1E7FA0D9-0E61-4126-B45D-C9CABFD92CD4}.Server|Any CPU.Build.0 = Server|Any CPU
		{F55A899F-7C03-49BC-8950-8DC89F5732E6}.Debug|Any CPU.ActiveCfg = Debug|Any CPU
		{F55A899F-7C03-49BC-8950-8DC89F5732E6}.Debug|Any CPU.Build.0 = Debug|Any CPU
		{F55A899F-7C03-49BC-8950-8DC89F5732E6}.Release|Any CPU.ActiveCfg = Release|Any CPU
		{F55A899F-7C03-49BC-8950-8DC89F5732E6}.Release|Any CPU.Build.0 = Release|Any CPU
		{F55A899F-7C03-49BC-8950-8DC89F5732E6}.Server|Any CPU.ActiveCfg = Server|Any CPU
		{F55A899F-7C03-49BC-8950-8DC89F5732E6}.Server|Any CPU.Build.0 = Server|Any CPU
		{8CF524C5-EEB8-443A-B1A8-F40A13E4C05A}.Debug|Any CPU.ActiveCfg = Debug|Any CPU
		{8CF524C5-EEB8-443A-B1A8-F40A13E4C05A}.Debug|Any CPU.Build.0 = Debug|Any CPU
		{8CF524C5-EEB8-443A-B1A8-F40A13E4C05A}.Release|Any CPU.ActiveCfg = Release|Any CPU
		{8CF524C5-EEB8-443A-B1A8-F40A13E4C05A}.Release|Any CPU.Build.0 = Release|Any CPU
		{8CF524C5-EEB8-443A-B1A8-F40A13E4C05A}.Server|Any CPU.ActiveCfg = Debug|Any CPU
		{8CF524C5-EEB8-443A-B1A8-F40A13E4C05A}.Server|Any CPU.Build.0 = Debug|Any CPU
	EndGlobalSection
	GlobalSection(SolutionProperties) = preSolution
		HideSolutionNode = FALSE
	EndGlobalSection
	GlobalSection(ExtensibilityGlobals) = postSolution
		SolutionGuid = {CDA16EFC-9E8F-415A-8E16-72AEB1BA5821}
	EndGlobalSection
EndGlobal
